PODS:
  - Capacitor (8.0.1):
    - CapacitorCordova
  - CapacitorApp (8.0.0):
    - Capacitor
  - CapacitorBackgroundRunner (3.0.0):
    - Capacitor
  - CapacitorCamera (8.0.0):
    - Capacitor
  - CapacitorCommunityBackgroundGeolocation (1.2.26):
    - Capacitor
  - CapacitorCordova (8.0.1)
  - CapacitorSplashScreen (8.0.0):
    - Capacitor

DEPENDENCIES:
  - "Capacitor (from `../../../../node_modules/.pnpm/@capacitor+ios@8.0.1_@capacitor+core@8.0.1/node_modules/@capacitor/ios`)"
  - "CapacitorApp (from `../../../../node_modules/.pnpm/@capacitor+app@8.0.0_@capacitor+core@8.0.1/node_modules/@capacitor/app`)"
  - "CapacitorBackgroundRunner (from `../../../../node_modules/.pnpm/@capacitor+background-runner@3.0.0_@capacitor+core@8.0.1/node_modules/@capacitor/background-runner`)"
  - "CapacitorCamera (from `../../../../node_modules/.pnpm/@capacitor+camera@8.0.0_@capacitor+core@8.0.1/node_modules/@capacitor/camera`)"
  - "CapacitorCommunityBackgroundGeolocation (from `../../../../node_modules/.pnpm/@capacitor-community+background-geolocation@1.2.26_@capacitor+core@8.0.1/node_modules/@capacitor-community/background-geolocation`)"
  - "CapacitorCordova (from `../../../../node_modules/.pnpm/@capacitor+ios@8.0.1_@capacitor+core@8.0.1/node_modules/@capacitor/ios`)"
  - "CapacitorSplashScreen (from `../../../../node_modules/.pnpm/@capacitor+splash-screen@8.0.0_@capacitor+core@8.0.1/node_modules/@capacitor/splash-screen`)"

EXTERNAL SOURCES:
  Capacitor:
    :path: "../../../../node_modules/.pnpm/@capacitor+ios@8.0.1_@capacitor+core@8.0.1/node_modules/@capacitor/ios"
  CapacitorApp:
    :path: "../../../../node_modules/.pnpm/@capacitor+app@8.0.0_@capacitor+core@8.0.1/node_modules/@capacitor/app"
  CapacitorBackgroundRunner:
    :path: "../../../../node_modules/.pnpm/@capacitor+background-runner@3.0.0_@capacitor+core@8.0.1/node_modules/@capacitor/background-runner"
  CapacitorCamera:
    :path: "../../../../node_modules/.pnpm/@capacitor+camera@8.0.0_@capacitor+core@8.0.1/node_modules/@capacitor/camera"
  CapacitorCommunityBackgroundGeolocation:
    :path: "../../../../node_modules/.pnpm/@capacitor-community+background-geolocation@1.2.26_@capacitor+core@8.0.1/node_modules/@capacitor-community/background-geolocation"
  CapacitorCordova:
    :path: "../../../../node_modules/.pnpm/@capacitor+ios@8.0.1_@capacitor+core@8.0.1/node_modules/@capacitor/ios"
  CapacitorSplashScreen:
    :path: "../../../../node_modules/.pnpm/@capacitor+splash-screen@8.0.0_@capacitor+core@8.0.1/node_modules/@capacitor/splash-screen"

SPEC CHECKSUMS:
  Capacitor: ff35b0f66370b84aa238251b35b91886a3207c16
  CapacitorApp: 3963a84197280757b84f126afd1520a85ae3b092
  CapacitorBackgroundRunner: 42d96bda7db8add43a59330179c2931987ffbfd5
  CapacitorCamera: 592acb7ab9fb748e2d8571eb03af30ec4e1ace12
  CapacitorCommunityBackgroundGeolocation: 750523ec6dd1cc94cf4e2bf7787605106753f73c
  CapacitorCordova: 0d65b9bb74e995dcecb9463f34f1af2aba6f955c
  CapacitorSplashScreen: 422880d7117605c30699eb4b21644b62db42e86c

PODFILE CHECKSUM: 14fd308e2dd198ad28dc737abec19e16f1cebe8e

COCOAPODS: 1.16.2
