PODS:
  - Capacitor (7.4.0):
    - CapacitorCordova
  - CapacitorApp (7.0.1):
    - Capacitor
  - CapacitorBackgroundRunner (2.1.0):
    - Capacitor
  - CapacitorCamera (7.0.1):
    - Capacitor
  - CapacitorCommunityBackgroundGeolocation (0.0.1):
    - Capacitor
  - CapacitorCordova (7.4.0)
  - CapacitorSplashScreen (7.0.1):
    - Capacitor

DEPENDENCIES:
  - "Capacitor (from `../../../../node_modules/.pnpm/@capacitor+ios@7.4.0_@capacitor+core@7.4.0/node_modules/@capacitor/ios`)"
  - "CapacitorApp (from `../../../../node_modules/.pnpm/@capacitor+app@7.0.1_@capacitor+core@7.4.0/node_modules/@capacitor/app`)"
  - "CapacitorBackgroundRunner (from `../../../../node_modules/.pnpm/@capacitor+background-runner@2.1.0_@capacitor+core@7.4.0/node_modules/@capacitor/background-runner`)"
  - "CapacitorCamera (from `../../../../node_modules/.pnpm/@capacitor+camera@7.0.1_@capacitor+core@7.4.0/node_modules/@capacitor/camera`)"
  - "CapacitorCommunityBackgroundGeolocation (from `../../../../node_modules/.pnpm/@capacitor-community+background-geolocation@1.2.22_@capacitor+core@7.4.0/node_modules/@capacitor-community/background-geolocation`)"
  - "CapacitorCordova (from `../../../../node_modules/.pnpm/@capacitor+ios@7.4.0_@capacitor+core@7.4.0/node_modules/@capacitor/ios`)"
  - "CapacitorSplashScreen (from `../../../../node_modules/.pnpm/@capacitor+splash-screen@7.0.1_@capacitor+core@7.4.0/node_modules/@capacitor/splash-screen`)"

EXTERNAL SOURCES:
  Capacitor:
    :path: "../../../../node_modules/.pnpm/@capacitor+ios@7.4.0_@capacitor+core@7.4.0/node_modules/@capacitor/ios"
  CapacitorApp:
    :path: "../../../../node_modules/.pnpm/@capacitor+app@7.0.1_@capacitor+core@7.4.0/node_modules/@capacitor/app"
  CapacitorBackgroundRunner:
    :path: "../../../../node_modules/.pnpm/@capacitor+background-runner@2.1.0_@capacitor+core@7.4.0/node_modules/@capacitor/background-runner"
  CapacitorCamera:
    :path: "../../../../node_modules/.pnpm/@capacitor+camera@7.0.1_@capacitor+core@7.4.0/node_modules/@capacitor/camera"
  CapacitorCommunityBackgroundGeolocation:
    :path: "../../../../node_modules/.pnpm/@capacitor-community+background-geolocation@1.2.22_@capacitor+core@7.4.0/node_modules/@capacitor-community/background-geolocation"
  CapacitorCordova:
    :path: "../../../../node_modules/.pnpm/@capacitor+ios@7.4.0_@capacitor+core@7.4.0/node_modules/@capacitor/ios"
  CapacitorSplashScreen:
    :path: "../../../../node_modules/.pnpm/@capacitor+splash-screen@7.0.1_@capacitor+core@7.4.0/node_modules/@capacitor/splash-screen"

SPEC CHECKSUMS:
  Capacitor: 10feab36396883c55373328124a677f118cd4b5f
  CapacitorApp: febecbb9582cb353aed037e18ec765141f880fe9
  CapacitorBackgroundRunner: e34ce1a45fce1944ff6691d97db178d9e575f031
  CapacitorCamera: 6e73f1fc6c629a672658705a02409b60854bc0f1
  CapacitorCommunityBackgroundGeolocation: 834a8f8eca8ebada8debffe1236e5674b831cead
  CapacitorCordova: 723e017d8a80ab2ede9959fbe37556c35ac860d5
  CapacitorSplashScreen: 1d67815a422a9b61539c94f283c08ed56667c0fc

PODFILE CHECKSUM: eedef9c26feae52a4ff166c25256a6dac5f4d5b7

COCOAPODS: 1.16.2
